
{
  "name": "journey-connect",
  "version": "1.0.1",
  "lockfileVersion": 3,
  "requires": true,
  "packages": {
    "": {
      "name": "journey-connect",
      "version": "1.0.1",
      "dependencies": {
        "@google/genai": "^1.34.0",
        "cors": "^2.8.5",
        "express": "^5.2.1",
        "lucide-react": "^0.562.0",
        "react": "^19.0.0",
        "react-dom": "^19.0.0",
        "react-router-dom": "^7.1.1"
      },
      "devDependencies": {
        "@types/node": "^22.0.0",
        "@types/react": "^19.0.0",
        "@types/react-dom": "^19.0.0",
        "@vitejs/plugin-react": "^4.3.4",
        "autoprefixer": "^10.4.20",
        "postcss": "^8.4.49",
        "tailwindcss": "^3.4.16",
        "typescript": "^5.7.2",
        "vite": "^6.0.5"
      }
    },
    "node_modules/gopd": {
      "version": "1.2.0",
      "resolved": "https://registry.npmjs.org/gopd/-/gopd-1.2.0.tgz",
      "integrity": "sha512-ZUKRh6/kUFoAiTAtTYPZJ3hw9wNnf0ndOTIE09fgvezf3LUVtgChGAQHzHdXOBrEQKzrc6fvLHXGateuFPSwGw==",
      "engines": {
        "node": ">= 0.4"
      },
      "funding": {
        "url": "https://github.com/sponsors/ljharb"
      }
    },
    "node_modules/ansi-styles": {
      "version": "4.3.0",
      "resolved": "https://registry.npmjs.org/ansi-styles/-/ansi-styles-4.3.0.tgz",
      "integrity": "sha512-zbB9rCJAT1rbjiwZ21HC0LIau8adS+glw66453Pa601p/63CAM6cymrnw2n7662761B5pPmXMbV86tBCV043wA==",
      "dependencies": {
        "color-convert": "^2.0.1"
      },
      "engines": {
        "node": ">=8"
      }
    },
    "node_modules/color-convert": {
      "version": "2.0.1",
      "resolved": "https://registry.npmjs.org/color-convert/-/color-convert-2.0.1.tgz",
      "integrity": "sha512-RRECPsj7iu/xb5oKYcsFHSppFNnsj/52OVTRKb4zP5onXmorVF9R3HR64cKXYCtAKK62C+oK5fZT/6WMn68Qeg==",
      "dependencies": {
        "color-name": "~1.1.4"
      },
      "engines": {
        "node": ">=7.0.0"
      }
    },
    "node_modules/color-name": {
      "version": "1.1.4",
      "resolved": "https://registry.npmjs.org/color-name/-/color-name-1.1.4.tgz",
      "integrity": "sha512-dOy+3NWwvKU7fS39qh+Hm6nmE8D3CSn5g53GYupOtNrSNuh28b2HS21l7lBErbSFAfPBf9f9cpXCknFvLwj3Wf=="
    }
  }
}
